// !$*UTF8*$!
{
	archiveVersion = 1;
	classes = {
	};
	objectVersion = 56;
	objects = {

/* Begin PBXBuildFile section */
		09104BF02DA0142F00FE5FA9 /* ReusableLabel.swift in Sources */ = {isa = PBXBuildFile; fileRef = 09104BEF2DA0142F00FE5FA9 /* ReusableLabel.swift */; };
		09104BF22DA01BEA00FE5FA9 /* ViewCode+Extension.swift in Sources */ = {isa = PBXBuildFile; fileRef = 09104BF12DA01BE200FE5FA9 /* ViewCode+Extension.swift */; };
		09104BF42DA0249B00FE5FA9 /* UIView+Constraints.swift in Sources */ = {isa = PBXBuildFile; fileRef = 09104BF32DA0248D00FE5FA9 /* UIView+Constraints.swift */; };
		092082392D971BCF0023D9B6 /* HomeViewController.swift in Sources */ = {isa = PBXBuildFile; fileRef = 092082382D971BCF0023D9B6 /* HomeViewController.swift */; };
		0920823F2D9725660023D9B6 /* AvatarImageView.swift in Sources */ = {isa = PBXBuildFile; fileRef = 0920823E2D9725660023D9B6 /* AvatarImageView.swift */; };
		097D50122DA450F40022ADA4 /* Event.swift in Sources */ = {isa = PBXBuildFile; fileRef = 097D50112DA450F40022ADA4 /* Event.swift */; };
		097D50142DA451BC0022ADA4 /* User.swift in Sources */ = {isa = PBXBuildFile; fileRef = 097D50132DA451BA0022ADA4 /* User.swift */; };
		097D50172DA4524F0022ADA4 /* Category.swift in Sources */ = {isa = PBXBuildFile; fileRef = 097D50162DA4524D0022ADA4 /* Category.swift */; };
		097D50212DA45E760022ADA4 /* EventCardTableViewCell.swift in Sources */ = {isa = PBXBuildFile; fileRef = 097D50202DA45E760022ADA4 /* EventCardTableViewCell.swift */; };
		097D50242DA46BDB0022ADA4 /* mockEvents.swift in Sources */ = {isa = PBXBuildFile; fileRef = 097D50232DA46BD30022ADA4 /* mockEvents.swift */; };
		09E3CF8D2D8E4B1200D4A4CD /* EventCardView.swift in Sources */ = {isa = PBXBuildFile; fileRef = 09E3CF8C2D8E4B1200D4A4CD /* EventCardView.swift */; };
		09E3CF8F2D8E4D4F00D4A4CD /* TagView.swift in Sources */ = {isa = PBXBuildFile; fileRef = 09E3CF8E2D8E4D4F00D4A4CD /* TagView.swift */; };
		09FE21512D94B5A20040C84E /* AvatarGroupView.swift in Sources */ = {isa = PBXBuildFile; fileRef = 09FE21502D94B5A20040C84E /* AvatarGroupView.swift */; };
		09FE21532D94B6960040C84E /* HomeView.swift in Sources */ = {isa = PBXBuildFile; fileRef = 09FE21522D94B6960040C84E /* HomeView.swift */; };
		539D7B822D8D9C050061BB67 /* AppDelegate.swift in Sources */ = {isa = PBXBuildFile; fileRef = 539D7B812D8D9C050061BB67 /* AppDelegate.swift */; };
		539D7B842D8D9C050061BB67 /* SceneDelegate.swift in Sources */ = {isa = PBXBuildFile; fileRef = 539D7B832D8D9C050061BB67 /* SceneDelegate.swift */; };
		539D7B862D8D9C050061BB67 /* ViewController.swift in Sources */ = {isa = PBXBuildFile; fileRef = 539D7B852D8D9C050061BB67 /* ViewController.swift */; };
		539D7B892D8D9C050061BB67 /* Main.storyboard in Resources */ = {isa = PBXBuildFile; fileRef = 539D7B872D8D9C050061BB67 /* Main.storyboard */; };
		539D7B8B2D8D9C070061BB67 /* Assets.xcassets in Resources */ = {isa = PBXBuildFile; fileRef = 539D7B8A2D8D9C070061BB67 /* Assets.xcassets */; };
		539D7B8E2D8D9C070061BB67 /* LaunchScreen.storyboard in Resources */ = {isa = PBXBuildFile; fileRef = 539D7B8C2D8D9C070061BB67 /* LaunchScreen.storyboard */; };
		53CD9A272D91FB010090E5D7 /* UIView+Extension.swift in Sources */ = {isa = PBXBuildFile; fileRef = 53CD9A262D91FB010090E5D7 /* UIView+Extension.swift */; };
		53CD9A292D91FB120090E5D7 /* UIViewController+Extension.swift in Sources */ = {isa = PBXBuildFile; fileRef = 53CD9A282D91FB120090E5D7 /* UIViewController+Extension.swift */; };
/* End PBXBuildFile section */

/* Begin PBXFileReference section */
		09104BEF2DA0142F00FE5FA9 /* ReusableLabel.swift */ = {isa = PBXFileReference; lastKnownFileType = sourcecode.swift; path = ReusableLabel.swift; sourceTree = "<group>"; };
		09104BF12DA01BE200FE5FA9 /* ViewCode+Extension.swift */ = {isa = PBXFileReference; lastKnownFileType = sourcecode.swift; path = "ViewCode+Extension.swift"; sourceTree = "<group>"; };
		09104BF32DA0248D00FE5FA9 /* UIView+Constraints.swift */ = {isa = PBXFileReference; lastKnownFileType = sourcecode.swift; path = "UIView+Constraints.swift"; sourceTree = "<group>"; };
		092082382D971BCF0023D9B6 /* HomeViewController.swift */ = {isa = PBXFileReference; lastKnownFileType = sourcecode.swift; path = HomeViewController.swift; sourceTree = "<group>"; };
		0920823E2D9725660023D9B6 /* AvatarImageView.swift */ = {isa = PBXFileReference; lastKnownFileType = sourcecode.swift; path = AvatarImageView.swift; sourceTree = "<group>"; };
		097D50112DA450F40022ADA4 /* Event.swift */ = {isa = PBXFileReference; lastKnownFileType = sourcecode.swift; path = Event.swift; sourceTree = "<group>"; };
		097D50132DA451BA0022ADA4 /* User.swift */ = {isa = PBXFileReference; lastKnownFileType = sourcecode.swift; path = User.swift; sourceTree = "<group>"; };
		097D50162DA4524D0022ADA4 /* Category.swift */ = {isa = PBXFileReference; lastKnownFileType = sourcecode.swift; path = Category.swift; sourceTree = "<group>"; };
		097D50202DA45E760022ADA4 /* EventCardTableViewCell.swift */ = {isa = PBXFileReference; lastKnownFileType = sourcecode.swift; path = EventCardTableViewCell.swift; sourceTree = "<group>"; };
		097D50232DA46BD30022ADA4 /* mockEvents.swift */ = {isa = PBXFileReference; lastKnownFileType = sourcecode.swift; path = mockEvents.swift; sourceTree = "<group>"; };
		09E3CF8C2D8E4B1200D4A4CD /* EventCardView.swift */ = {isa = PBXFileReference; lastKnownFileType = sourcecode.swift; path = EventCardView.swift; sourceTree = "<group>"; };
		09E3CF8E2D8E4D4F00D4A4CD /* TagView.swift */ = {isa = PBXFileReference; lastKnownFileType = sourcecode.swift; path = TagView.swift; sourceTree = "<group>"; };
		09FE21502D94B5A20040C84E /* AvatarGroupView.swift */ = {isa = PBXFileReference; lastKnownFileType = sourcecode.swift; path = AvatarGroupView.swift; sourceTree = "<group>"; };
		09FE21522D94B6960040C84E /* HomeView.swift */ = {isa = PBXFileReference; lastKnownFileType = sourcecode.swift; path = HomeView.swift; sourceTree = "<group>"; };
		539D7B7E2D8D9C050061BB67 /* LetsBora.app */ = {isa = PBXFileReference; explicitFileType = wrapper.application; includeInIndex = 0; path = LetsBora.app; sourceTree = BUILT_PRODUCTS_DIR; };
		539D7B812D8D9C050061BB67 /* AppDelegate.swift */ = {isa = PBXFileReference; lastKnownFileType = sourcecode.swift; path = AppDelegate.swift; sourceTree = "<group>"; };
		539D7B832D8D9C050061BB67 /* SceneDelegate.swift */ = {isa = PBXFileReference; lastKnownFileType = sourcecode.swift; path = SceneDelegate.swift; sourceTree = "<group>"; };
		539D7B852D8D9C050061BB67 /* ViewController.swift */ = {isa = PBXFileReference; lastKnownFileType = sourcecode.swift; path = ViewController.swift; sourceTree = "<group>"; };
		539D7B882D8D9C050061BB67 /* Base */ = {isa = PBXFileReference; lastKnownFileType = file.storyboard; name = Base; path = Base.lproj/Main.storyboard; sourceTree = "<group>"; };
		539D7B8A2D8D9C070061BB67 /* Assets.xcassets */ = {isa = PBXFileReference; lastKnownFileType = folder.assetcatalog; path = Assets.xcassets; sourceTree = "<group>"; };
		539D7B8D2D8D9C070061BB67 /* Base */ = {isa = PBXFileReference; lastKnownFileType = file.storyboard; name = Base; path = Base.lproj/LaunchScreen.storyboard; sourceTree = "<group>"; };
		539D7B8F2D8D9C070061BB67 /* Info.plist */ = {isa = PBXFileReference; lastKnownFileType = text.plist.xml; path = Info.plist; sourceTree = "<group>"; };
		53CD9A262D91FB010090E5D7 /* UIView+Extension.swift */ = {isa = PBXFileReference; lastKnownFileType = sourcecode.swift; path = "UIView+Extension.swift"; sourceTree = "<group>"; };
		53CD9A282D91FB120090E5D7 /* UIViewController+Extension.swift */ = {isa = PBXFileReference; lastKnownFileType = sourcecode.swift; path = "UIViewController+Extension.swift"; sourceTree = "<group>"; };
/* End PBXFileReference section */

/* Begin PBXFrameworksBuildPhase section */
		539D7B7B2D8D9C050061BB67 /* Frameworks */ = {
			isa = PBXFrameworksBuildPhase;
			buildActionMask = 2147483647;
			files = (
			);
			runOnlyForDeploymentPostprocessing = 0;
		};
/* End PBXFrameworksBuildPhase section */

/* Begin PBXGroup section */
		092082362D971B5D0023D9B6 /* Home */ = {
			isa = PBXGroup;
			children = (
				09FE21522D94B6960040C84E /* HomeView.swift */,
				092082382D971BCF0023D9B6 /* HomeViewController.swift */,
			);
			path = Home;
			sourceTree = "<group>";
		};
		092082372D971B920023D9B6 /* Components */ = {
			isa = PBXGroup;
			children = (
				09E3CF8C2D8E4B1200D4A4CD /* EventCardView.swift */,
				09E3CF8E2D8E4D4F00D4A4CD /* TagView.swift */,
				09FE21502D94B5A20040C84E /* AvatarGroupView.swift */,
				0920823E2D9725660023D9B6 /* AvatarImageView.swift */,
				09104BEF2DA0142F00FE5FA9 /* ReusableLabel.swift */,
			);
			path = Components;
			sourceTree = "<group>";
		};
		097D500F2DA44E970022ADA4 /* Models */ = {
			isa = PBXGroup;
			children = (
				097D50162DA4524D0022ADA4 /* Category.swift */,
				097D50132DA451BA0022ADA4 /* User.swift */,
				097D50112DA450F40022ADA4 /* Event.swift */,
			);
			path = Models;
			sourceTree = "<group>";
		};
		097D50222DA46BCB0022ADA4 /* Utils */ = {
			isa = PBXGroup;
			children = (
				097D50232DA46BD30022ADA4 /* mockEvents.swift */,
			);
			path = Utils;
			sourceTree = "<group>";
		};
		09E3CF882D8E25D600D4A4CD /* Screens */ = {
			isa = PBXGroup;
			children = (
				092082362D971B5D0023D9B6 /* Home */,
			);
			path = Screens;
			sourceTree = "<group>";
		};
		539D7B752D8D9C040061BB67 = {
			isa = PBXGroup;
			children = (
				539D7B802D8D9C050061BB67 /* LetsBora */,
				539D7B7F2D8D9C050061BB67 /* Products */,
			);
			sourceTree = "<group>";
		};
		539D7B7F2D8D9C050061BB67 /* Products */ = {
			isa = PBXGroup;
			children = (
				539D7B7E2D8D9C050061BB67 /* LetsBora.app */,
			);
			name = Products;
			sourceTree = "<group>";
		};
		539D7B802D8D9C050061BB67 /* LetsBora */ = {
			isa = PBXGroup;
			children = (
				097D50222DA46BCB0022ADA4 /* Utils */,
				097D500F2DA44E970022ADA4 /* Models */,
				53CD9A252D91FACB0090E5D7 /* Extensions */,
				092082372D971B920023D9B6 /* Components */,
				09E3CF882D8E25D600D4A4CD /* Screens */,
				539D7B812D8D9C050061BB67 /* AppDelegate.swift */,
				539D7B832D8D9C050061BB67 /* SceneDelegate.swift */,
				539D7B852D8D9C050061BB67 /* ViewController.swift */,
				539D7B872D8D9C050061BB67 /* Main.storyboard */,
				539D7B8A2D8D9C070061BB67 /* Assets.xcassets */,
				539D7B8C2D8D9C070061BB67 /* LaunchScreen.storyboard */,
				539D7B8F2D8D9C070061BB67 /* Info.plist */,
				097D50202DA45E760022ADA4 /* EventCardTableViewCell.swift */,
			);
			path = LetsBora;
			sourceTree = "<group>";
		};
		53CD9A252D91FACB0090E5D7 /* Extensions */ = {
			isa = PBXGroup;
			children = (
				09104BF32DA0248D00FE5FA9 /* UIView+Constraints.swift */,
				09104BF12DA01BE200FE5FA9 /* ViewCode+Extension.swift */,
				53CD9A262D91FB010090E5D7 /* UIView+Extension.swift */,
				53CD9A282D91FB120090E5D7 /* UIViewController+Extension.swift */,
			);
			path = Extensions;
			sourceTree = "<group>";
		};
/* End PBXGroup section */

/* Begin PBXNativeTarget section */
		539D7B7D2D8D9C050061BB67 /* LetsBora */ = {
			isa = PBXNativeTarget;
			buildConfigurationList = 539D7B922D8D9C070061BB67 /* Build configuration list for PBXNativeTarget "LetsBora" */;
			buildPhases = (
				539D7B7A2D8D9C050061BB67 /* Sources */,
				539D7B7B2D8D9C050061BB67 /* Frameworks */,
				539D7B7C2D8D9C050061BB67 /* Resources */,
			);
			buildRules = (
			);
			dependencies = (
			);
			name = LetsBora;
			productName = LetsBora;
			productReference = 539D7B7E2D8D9C050061BB67 /* LetsBora.app */;
			productType = "com.apple.product-type.application";
		};
/* End PBXNativeTarget section */

/* Begin PBXProject section */
		539D7B762D8D9C040061BB67 /* Project object */ = {
			isa = PBXProject;
			attributes = {
				BuildIndependentTargetsInParallel = 1;
				LastSwiftUpdateCheck = 1420;
				LastUpgradeCheck = 1630;
				TargetAttributes = {
					539D7B7D2D8D9C050061BB67 = {
						CreatedOnToolsVersion = 14.2;
					};
				};
			};
			buildConfigurationList = 539D7B792D8D9C040061BB67 /* Build configuration list for PBXProject "LetsBora" */;
			compatibilityVersion = "Xcode 14.0";
			developmentRegion = en;
			hasScannedForEncodings = 0;
			knownRegions = (
				en,
				Base,
			);
			mainGroup = 539D7B752D8D9C040061BB67;
			productRefGroup = 539D7B7F2D8D9C050061BB67 /* Products */;
			projectDirPath = "";
			projectRoot = "";
			targets = (
				539D7B7D2D8D9C050061BB67 /* LetsBora */,
			);
		};
/* End PBXProject section */

/* Begin PBXResourcesBuildPhase section */
		539D7B7C2D8D9C050061BB67 /* Resources */ = {
			isa = PBXResourcesBuildPhase;
			buildActionMask = 2147483647;
			files = (
				539D7B8E2D8D9C070061BB67 /* LaunchScreen.storyboard in Resources */,
				539D7B8B2D8D9C070061BB67 /* Assets.xcassets in Resources */,
				539D7B892D8D9C050061BB67 /* Main.storyboard in Resources */,
			);
			runOnlyForDeploymentPostprocessing = 0;
		};
/* End PBXResourcesBuildPhase section */

/* Begin PBXSourcesBuildPhase section */
		539D7B7A2D8D9C050061BB67 /* Sources */ = {
			isa = PBXSourcesBuildPhase;
			buildActionMask = 2147483647;
			files = (
				09FE21512D94B5A20040C84E /* AvatarGroupView.swift in Sources */,
				09104BF02DA0142F00FE5FA9 /* ReusableLabel.swift in Sources */,
				53CD9A292D91FB120090E5D7 /* UIViewController+Extension.swift in Sources */,
				09104BF42DA0249B00FE5FA9 /* UIView+Constraints.swift in Sources */,
				097D50242DA46BDB0022ADA4 /* mockEvents.swift in Sources */,
				097D50212DA45E760022ADA4 /* EventCardTableViewCell.swift in Sources */,
				097D50142DA451BC0022ADA4 /* User.swift in Sources */,
				097D50122DA450F40022ADA4 /* Event.swift in Sources */,
				539D7B862D8D9C050061BB67 /* ViewController.swift in Sources */,
				0920823F2D9725660023D9B6 /* AvatarImageView.swift in Sources */,
				09104BF22DA01BEA00FE5FA9 /* ViewCode+Extension.swift in Sources */,
				09FE21532D94B6960040C84E /* HomeView.swift in Sources */,
				53CD9A272D91FB010090E5D7 /* UIView+Extension.swift in Sources */,
				097D50172DA4524F0022ADA4 /* Category.swift in Sources */,
				092082392D971BCF0023D9B6 /* HomeViewController.swift in Sources */,
				539D7B822D8D9C050061BB67 /* AppDelegate.swift in Sources */,
				539D7B842D8D9C050061BB67 /* SceneDelegate.swift in Sources */,
				09E3CF8D2D8E4B1200D4A4CD /* EventCardView.swift in Sources */,
				09E3CF8F2D8E4D4F00D4A4CD /* TagView.swift in Sources */,
			);
			runOnlyForDeploymentPostprocessing = 0;
		};
/* End PBXSourcesBuildPhase section */

/* Begin PBXVariantGroup section */
		539D7B872D8D9C050061BB67 /* Main.storyboard */ = {
			isa = PBXVariantGroup;
			children = (
				539D7B882D8D9C050061BB67 /* Base */,
			);
			name = Main.storyboard;
			sourceTree = "<group>";
		};
		539D7B8C2D8D9C070061BB67 /* LaunchScreen.storyboard */ = {
			isa = PBXVariantGroup;
			children = (
				539D7B8D2D8D9C070061BB67 /* Base */,
			);
			name = LaunchScreen.storyboard;
			sourceTree = "<group>";
		};
/* End PBXVariantGroup section */

/* Begin XCBuildConfiguration section */
		539D7B902D8D9C070061BB67 /* Debug */ = {
			isa = XCBuildConfiguration;
			buildSettings = {
				ALWAYS_SEARCH_USER_PATHS = NO;
				ASSETCATALOG_COMPILER_GENERATE_SWIFT_ASSET_SYMBOL_EXTENSIONS = YES;
				CLANG_ANALYZER_NONNULL = YES;
				CLANG_ANALYZER_NUMBER_OBJECT_CONVERSION = YES_AGGRESSIVE;
				CLANG_CXX_LANGUAGE_STANDARD = "gnu++20";
				CLANG_ENABLE_MODULES = YES;
				CLANG_ENABLE_OBJC_ARC = YES;
				CLANG_ENABLE_OBJC_WEAK = YES;
				CLANG_WARN_BLOCK_CAPTURE_AUTORELEASING = YES;
				CLANG_WARN_BOOL_CONVERSION = YES;
				CLANG_WARN_COMMA = YES;
				CLANG_WARN_CONSTANT_CONVERSION = YES;
				CLANG_WARN_DEPRECATED_OBJC_IMPLEMENTATIONS = YES;
				CLANG_WARN_DIRECT_OBJC_ISA_USAGE = YES_ERROR;
				CLANG_WARN_DOCUMENTATION_COMMENTS = YES;
				CLANG_WARN_EMPTY_BODY = YES;
				CLANG_WARN_ENUM_CONVERSION = YES;
				CLANG_WARN_INFINITE_RECURSION = YES;
				CLANG_WARN_INT_CONVERSION = YES;
				CLANG_WARN_NON_LITERAL_NULL_CONVERSION = YES;
				CLANG_WARN_OBJC_IMPLICIT_RETAIN_SELF = YES;
				CLANG_WARN_OBJC_LITERAL_CONVERSION = YES;
				CLANG_WARN_OBJC_ROOT_CLASS = YES_ERROR;
				CLANG_WARN_QUOTED_INCLUDE_IN_FRAMEWORK_HEADER = YES;
				CLANG_WARN_RANGE_LOOP_ANALYSIS = YES;
				CLANG_WARN_STRICT_PROTOTYPES = YES;
				CLANG_WARN_SUSPICIOUS_MOVE = YES;
				CLANG_WARN_UNGUARDED_AVAILABILITY = YES_AGGRESSIVE;
				CLANG_WARN_UNREACHABLE_CODE = YES;
				CLANG_WARN__DUPLICATE_METHOD_MATCH = YES;
				COPY_PHASE_STRIP = NO;
				DEBUG_INFORMATION_FORMAT = dwarf;
				ENABLE_STRICT_OBJC_MSGSEND = YES;
				ENABLE_TESTABILITY = YES;
				ENABLE_USER_SCRIPT_SANDBOXING = YES;
				GCC_C_LANGUAGE_STANDARD = gnu11;
				GCC_DYNAMIC_NO_PIC = NO;
				GCC_NO_COMMON_BLOCKS = YES;
				GCC_OPTIMIZATION_LEVEL = 0;
				GCC_PREPROCESSOR_DEFINITIONS = (
					"DEBUG=1",
					"$(inherited)",
				);
				GCC_WARN_64_TO_32_BIT_CONVERSION = YES;
				GCC_WARN_ABOUT_RETURN_TYPE = YES_ERROR;
				GCC_WARN_UNDECLARED_SELECTOR = YES;
				GCC_WARN_UNINITIALIZED_AUTOS = YES_AGGRESSIVE;
				GCC_WARN_UNUSED_FUNCTION = YES;
				GCC_WARN_UNUSED_VARIABLE = YES;
				IPHONEOS_DEPLOYMENT_TARGET = 16.2;
				MTL_ENABLE_DEBUG_INFO = INCLUDE_SOURCE;
				MTL_FAST_MATH = YES;
				ONLY_ACTIVE_ARCH = YES;
				SDKROOT = iphoneos;
				SWIFT_ACTIVE_COMPILATION_CONDITIONS = DEBUG;
				SWIFT_OPTIMIZATION_LEVEL = "-Onone";
			};
			name = Debug;
		};
		539D7B912D8D9C070061BB67 /* Release */ = {
			isa = XCBuildConfiguration;
			buildSettings = {
				ALWAYS_SEARCH_USER_PATHS = NO;
				ASSETCATALOG_COMPILER_GENERATE_SWIFT_ASSET_SYMBOL_EXTENSIONS = YES;
				CLANG_ANALYZER_NONNULL = YES;
				CLANG_ANALYZER_NUMBER_OBJECT_CONVERSION = YES_AGGRESSIVE;
				CLANG_CXX_LANGUAGE_STANDARD = "gnu++20";
				CLANG_ENABLE_MODULES = YES;
				CLANG_ENABLE_OBJC_ARC = YES;
				CLANG_ENABLE_OBJC_WEAK = YES;
				CLANG_WARN_BLOCK_CAPTURE_AUTORELEASING = YES;
				CLANG_WARN_BOOL_CONVERSION = YES;
				CLANG_WARN_COMMA = YES;
				CLANG_WARN_CONSTANT_CONVERSION = YES;
				CLANG_WARN_DEPRECATED_OBJC_IMPLEMENTATIONS = YES;
				CLANG_WARN_DIRECT_OBJC_ISA_USAGE = YES_ERROR;
				CLANG_WARN_DOCUMENTATION_COMMENTS = YES;
				CLANG_WARN_EMPTY_BODY = YES;
				CLANG_WARN_ENUM_CONVERSION = YES;
				CLANG_WARN_INFINITE_RECURSION = YES;
				CLANG_WARN_INT_CONVERSION = YES;
				CLANG_WARN_NON_LITERAL_NULL_CONVERSION = YES;
				CLANG_WARN_OBJC_IMPLICIT_RETAIN_SELF = YES;
				CLANG_WARN_OBJC_LITERAL_CONVERSION = YES;
				CLANG_WARN_OBJC_ROOT_CLASS = YES_ERROR;
				CLANG_WARN_QUOTED_INCLUDE_IN_FRAMEWORK_HEADER = YES;
				CLANG_WARN_RANGE_LOOP_ANALYSIS = YES;
				CLANG_WARN_STRICT_PROTOTYPES = YES;
				CLANG_WARN_SUSPICIOUS_MOVE = YES;
				CLANG_WARN_UNGUARDED_AVAILABILITY = YES_AGGRESSIVE;
				CLANG_WARN_UNREACHABLE_CODE = YES;
				CLANG_WARN__DUPLICATE_METHOD_MATCH = YES;
				COPY_PHASE_STRIP = NO;
				DEBUG_INFORMATION_FORMAT = "dwarf-with-dsym";
				ENABLE_NS_ASSERTIONS = NO;
				ENABLE_STRICT_OBJC_MSGSEND = YES;
				ENABLE_USER_SCRIPT_SANDBOXING = YES;
				GCC_C_LANGUAGE_STANDARD = gnu11;
				GCC_NO_COMMON_BLOCKS = YES;
				GCC_WARN_64_TO_32_BIT_CONVERSION = YES;
				GCC_WARN_ABOUT_RETURN_TYPE = YES_ERROR;
				GCC_WARN_UNDECLARED_SELECTOR = YES;
				GCC_WARN_UNINITIALIZED_AUTOS = YES_AGGRESSIVE;
				GCC_WARN_UNUSED_FUNCTION = YES;
				GCC_WARN_UNUSED_VARIABLE = YES;
				IPHONEOS_DEPLOYMENT_TARGET = 16.2;
				MTL_ENABLE_DEBUG_INFO = NO;
				MTL_FAST_MATH = YES;
				SDKROOT = iphoneos;
				SWIFT_COMPILATION_MODE = wholemodule;
				SWIFT_OPTIMIZATION_LEVEL = "-O";
				VALIDATE_PRODUCT = YES;
			};
			name = Release;
		};
		539D7B932D8D9C070061BB67 /* Debug */ = {
			isa = XCBuildConfiguration;
			buildSettings = {
				ASSETCATALOG_COMPILER_APPICON_NAME = AppIcon;
				ASSETCATALOG_COMPILER_GLOBAL_ACCENT_COLOR_NAME = AccentColor;
				CODE_SIGN_STYLE = Automatic;
				CURRENT_PROJECT_VERSION = 1;
				GENERATE_INFOPLIST_FILE = YES;
				INFOPLIST_FILE = LetsBora/Info.plist;
				INFOPLIST_KEY_UIApplicationSupportsIndirectInputEvents = YES;
				INFOPLIST_KEY_UILaunchStoryboardName = LaunchScreen;
				INFOPLIST_KEY_UIMainStoryboardFile = Main;
				INFOPLIST_KEY_UISupportedInterfaceOrientations_iPad = "UIInterfaceOrientationPortrait UIInterfaceOrientationPortraitUpsideDown UIInterfaceOrientationLandscapeLeft UIInterfaceOrientationLandscapeRight";
				INFOPLIST_KEY_UISupportedInterfaceOrientations_iPhone = "UIInterfaceOrientationPortrait UIInterfaceOrientationLandscapeLeft UIInterfaceOrientationLandscapeRight";
				LD_RUNPATH_SEARCH_PATHS = (
					"$(inherited)",
					"@executable_path/Frameworks",
				);
				MARKETING_VERSION = 1.0;
				PRODUCT_BUNDLE_IDENTIFIER = com.team2.LetsBora;
				PRODUCT_NAME = "$(TARGET_NAME)";
				SWIFT_EMIT_LOC_STRINGS = YES;
				SWIFT_VERSION = 5.0;
				TARGETED_DEVICE_FAMILY = "1,2";
			};
			name = Debug;
		};
		539D7B942D8D9C070061BB67 /* Release */ = {
			isa = XCBuildConfiguration;
			buildSettings = {
				ASSETCATALOG_COMPILER_APPICON_NAME = AppIcon;
				ASSETCATALOG_COMPILER_GLOBAL_ACCENT_COLOR_NAME = AccentColor;
				CODE_SIGN_STYLE = Automatic;
				CURRENT_PROJECT_VERSION = 1;
				GENERATE_INFOPLIST_FILE = YES;
				INFOPLIST_FILE = LetsBora/Info.plist;
				INFOPLIST_KEY_UIApplicationSupportsIndirectInputEvents = YES;
				INFOPLIST_KEY_UILaunchStoryboardName = LaunchScreen;
				INFOPLIST_KEY_UIMainStoryboardFile = Main;
				INFOPLIST_KEY_UISupportedInterfaceOrientations_iPad = "UIInterfaceOrientationPortrait UIInterfaceOrientationPortraitUpsideDown UIInterfaceOrientationLandscapeLeft UIInterfaceOrientationLandscapeRight";
				INFOPLIST_KEY_UISupportedInterfaceOrientations_iPhone = "UIInterfaceOrientationPortrait UIInterfaceOrientationLandscapeLeft UIInterfaceOrientationLandscapeRight";
				LD_RUNPATH_SEARCH_PATHS = (
					"$(inherited)",
					"@executable_path/Frameworks",
				);
				MARKETING_VERSION = 1.0;
				PRODUCT_BUNDLE_IDENTIFIER = com.team2.LetsBora;
				PRODUCT_NAME = "$(TARGET_NAME)";
				SWIFT_EMIT_LOC_STRINGS = YES;
				SWIFT_VERSION = 5.0;
				TARGETED_DEVICE_FAMILY = "1,2";
			};
			name = Release;
		};
/* End XCBuildConfiguration section */

/* Begin XCConfigurationList section */
		539D7B792D8D9C040061BB67 /* Build configuration list for PBXProject "LetsBora" */ = {
			isa = XCConfigurationList;
			buildConfigurations = (
				539D7B902D8D9C070061BB67 /* Debug */,
				539D7B912D8D9C070061BB67 /* Release */,
			);
			defaultConfigurationIsVisible = 0;
			defaultConfigurationName = Release;
		};
		539D7B922D8D9C070061BB67 /* Build configuration list for PBXNativeTarget "LetsBora" */ = {
			isa = XCConfigurationList;
			buildConfigurations = (
				539D7B932D8D9C070061BB67 /* Debug */,
				539D7B942D8D9C070061BB67 /* Release */,
			);
			defaultConfigurationIsVisible = 0;
			defaultConfigurationName = Release;
		};
/* End XCConfigurationList section */
	};
	rootObject = 539D7B762D8D9C040061BB67 /* Project object */;
}
