// !$*UTF8*$!
{
	archiveVersion = 1;
	classes = {
	};
	objectVersion = 56;
	objects = {

/* Begin PBXBuildFile section */
		091E48F92DC4208C00F4C44D /* Extension+Constraints.swift in Sources */ = {isa = PBXBuildFile; fileRef = 091E48F82DC4208300F4C44D /* Extension+Constraints.swift */; };
		091E48FB2DC4302100F4C44D /* Survey.swift in Sources */ = {isa = PBXBuildFile; fileRef = 091E48FA2DC4301C00F4C44D /* Survey.swift */; };
		092728DE2DC26D9C000D744C /* ChatViewController.swift in Sources */ = {isa = PBXBuildFile; fileRef = 092728DD2DC26D9C000D744C /* ChatViewController.swift */; };
		092728E02DC26DB1000D744C /* ChatView.swift in Sources */ = {isa = PBXBuildFile; fileRef = 092728DF2DC26DB1000D744C /* ChatView.swift */; };
		092728E82DC2AD70000D744C /* Chat.swift in Sources */ = {isa = PBXBuildFile; fileRef = 092728E72DC2AD6E000D744C /* Chat.swift */; };
		092728EA2DC2BA61000D744C /* Events+MockData.swift in Sources */ = {isa = PBXBuildFile; fileRef = 092728E92DC2BA58000D744C /* Events+MockData.swift */; };
		092728EE2DC2BB06000D744C /* Tag+MockData.swift in Sources */ = {isa = PBXBuildFile; fileRef = 092728ED2DC2BB01000D744C /* Tag+MockData.swift */; };
		092728F02DC2BB95000D744C /* Users+MockData.swift in Sources */ = {isa = PBXBuildFile; fileRef = 092728EF2DC2BB8F000D744C /* Users+MockData.swift */; };
		092728F62DC2BCFD000D744C /* Chat+MockData.swift in Sources */ = {isa = PBXBuildFile; fileRef = 092728F52DC2BCFD000D744C /* Chat+MockData.swift */; };
		0935A9F02DC53C5B004B24A2 /* ReusableLabel.swift in Sources */ = {isa = PBXBuildFile; fileRef = 0935A9ED2DC53C5B004B24A2 /* ReusableLabel.swift */; };
		0935A9F12DC53C5B004B24A2 /* CustomContainer.swift in Sources */ = {isa = PBXBuildFile; fileRef = 0935A9E62DC53C5B004B24A2 /* CustomContainer.swift */; };
		0935A9F22DC53C5B004B24A2 /* TagView.swift in Sources */ = {isa = PBXBuildFile; fileRef = 0935A9E22DC53C5B004B24A2 /* TagView.swift */; };
		0935A9F32DC53C5B004B24A2 /* ExpensesCard.swift in Sources */ = {isa = PBXBuildFile; fileRef = 0935A9E82DC53C5B004B24A2 /* ExpensesCard.swift */; };
		0935A9F42DC53C5B004B24A2 /* EventCardView.swift in Sources */ = {isa = PBXBuildFile; fileRef = 0935A9DD2DC53C5B004B24A2 /* EventCardView.swift */; };
		0935A9F52DC53C5B004B24A2 /* ChatNotificationTableViewCell.swift in Sources */ = {isa = PBXBuildFile; fileRef = 0935A9D62DC53C5B004B24A2 /* ChatNotificationTableViewCell.swift */; };
		0935A9F62DC53C5B004B24A2 /* ChatMessageTableViewCell.swift in Sources */ = {isa = PBXBuildFile; fileRef = 0935A9D52DC53C5B004B24A2 /* ChatMessageTableViewCell.swift */; };
		0935A9F72DC53C5B004B24A2 /* ChatSurveyTableViewCell.swift in Sources */ = {isa = PBXBuildFile; fileRef = 0935A9D72DC53C5B004B24A2 /* ChatSurveyTableViewCell.swift */; };
		0935A9F82DC53C5B004B24A2 /* ChatProgressSurveyView.swift in Sources */ = {isa = PBXBuildFile; fileRef = 0935A9D92DC53C5B004B24A2 /* ChatProgressSurveyView.swift */; };
		0935A9F92DC53C5B004B24A2 /* TabBarController.swift in Sources */ = {isa = PBXBuildFile; fileRef = 0935A9DF2DC53C5B004B24A2 /* TabBarController.swift */; };
		0935A9FA2DC53C5B004B24A2 /* ProfileInfoView.swift in Sources */ = {isa = PBXBuildFile; fileRef = 0935A9EA2DC53C5B004B24A2 /* ProfileInfoView.swift */; };
		0935A9FB2DC53C5B004B24A2 /* DividerView.swift in Sources */ = {isa = PBXBuildFile; fileRef = 0935A9E72DC53C5B004B24A2 /* DividerView.swift */; };
		0935A9FC2DC53C5B004B24A2 /* SettingButtonView.swift in Sources */ = {isa = PBXBuildFile; fileRef = 0935A9EE2DC53C5B004B24A2 /* SettingButtonView.swift */; };
		0935A9FD2DC53C5B004B24A2 /* TagCollectionViewCell.swift in Sources */ = {isa = PBXBuildFile; fileRef = 0935A9E12DC53C5B004B24A2 /* TagCollectionViewCell.swift */; };
		0935A9FE2DC53C5B004B24A2 /* AvatarImageView.swift in Sources */ = {isa = PBXBuildFile; fileRef = 0935A9D32DC53C5B004B24A2 /* AvatarImageView.swift */; };
		0935A9FF2DC53C5B004B24A2 /* ParticipantesCard.swift in Sources */ = {isa = PBXBuildFile; fileRef = 0935A9E92DC53C5B004B24A2 /* ParticipantesCard.swift */; };
		0935AA002DC53C5B004B24A2 /* CostContainer.swift in Sources */ = {isa = PBXBuildFile; fileRef = 0935A9E52DC53C5B004B24A2 /* CostContainer.swift */; };
		0935AA012DC53C5B004B24A2 /* AvatarGroupView.swift in Sources */ = {isa = PBXBuildFile; fileRef = 0935A9D22DC53C5B004B24A2 /* AvatarGroupView.swift */; };
		0935AA022DC53C5B004B24A2 /* EventCardTableViewCell.swift in Sources */ = {isa = PBXBuildFile; fileRef = 0935A9DC2DC53C5B004B24A2 /* EventCardTableViewCell.swift */; };
		0935AA032DC53C5B004B24A2 /* QuantityAndTitleView.swift in Sources */ = {isa = PBXBuildFile; fileRef = 0935A9EC2DC53C5B004B24A2 /* QuantityAndTitleView.swift */; };
		0935AA042DC53C5B004B24A2 /* ChatTabBarView.swift in Sources */ = {isa = PBXBuildFile; fileRef = 0935A9DA2DC53C5B004B24A2 /* ChatTabBarView.swift */; };
		0935AA052DC53C5B004B24A2 /* ProgressBar.swift in Sources */ = {isa = PBXBuildFile; fileRef = 0935A9EB2DC53C5B004B24A2 /* ProgressBar.swift */; };
		0935AA062DC53C5B004B24A2 /* ConquerView.swift in Sources */ = {isa = PBXBuildFile; fileRef = 0935A9E42DC53C5B004B24A2 /* ConquerView.swift */; };
		0935AA0A2DC53D98004B24A2 /* CostControlViewController.swift in Sources */ = {isa = PBXBuildFile; fileRef = 0935AA082DC53D98004B24A2 /* CostControlViewController.swift */; };
		0935AA0B2DC53D98004B24A2 /* CostControlView.swift in Sources */ = {isa = PBXBuildFile; fileRef = 0935AA072DC53D98004B24A2 /* CostControlView.swift */; };
		0935AA0F2DC54758004B24A2 /* MyEventsView.swift in Sources */ = {isa = PBXBuildFile; fileRef = 0935AA0C2DC54758004B24A2 /* MyEventsView.swift */; };
		0935AA102DC54758004B24A2 /* MyEventsViewController.swift in Sources */ = {isa = PBXBuildFile; fileRef = 0935AA0D2DC54758004B24A2 /* MyEventsViewController.swift */; };
		099A927D2DC5034A00415196 /* MockData.swift in Sources */ = {isa = PBXBuildFile; fileRef = 099A927C2DC5034A00415196 /* MockData.swift */; };
		099A92812DC50A7500415196 /* RegisterViewController.swift in Sources */ = {isa = PBXBuildFile; fileRef = 099A927F2DC50A7500415196 /* RegisterViewController.swift */; };
		099A92822DC50A7500415196 /* RegisterView.swift in Sources */ = {isa = PBXBuildFile; fileRef = 099A927E2DC50A7500415196 /* RegisterView.swift */; };
		09B2009E2DC04EA800A26EA2 /* CreateEventViewController.swift in Sources */ = {isa = PBXBuildFile; fileRef = 09B2009D2DC04EA800A26EA2 /* CreateEventViewController.swift */; };
		09B2009F2DC04EA800A26EA2 /* CreateEventView.swift in Sources */ = {isa = PBXBuildFile; fileRef = 09B2009C2DC04EA800A26EA2 /* CreateEventView.swift */; };
		09CE52892DC19B35008D8022 /* EventDetailsViewController.swift in Sources */ = {isa = PBXBuildFile; fileRef = 09CE52872DC19B35008D8022 /* EventDetailsViewController.swift */; };
		09CE528A2DC19B35008D8022 /* EventDetailsView.swift in Sources */ = {isa = PBXBuildFile; fileRef = 09CE52862DC19B35008D8022 /* EventDetailsView.swift */; };
		09EAF14D2DDFDF7E00D4EE42 /* GoogleService-Info.plist in Resources */ = {isa = PBXBuildFile; fileRef = 09EAF14C2DDFDF7E00D4EE42 /* GoogleService-Info.plist */; };
		09EAF1502DDFE0C300D4EE42 /* FirebaseAuth in Frameworks */ = {isa = PBXBuildFile; productRef = 09EAF14F2DDFE0C300D4EE42 /* FirebaseAuth */; };
		09F557842DA9F86000D1D1A7 /* UIView+Extension.swift in Sources */ = {isa = PBXBuildFile; fileRef = 09F557642DA9F86000D1D1A7 /* UIView+Extension.swift */; };
		09F557852DA9F86000D1D1A7 /* UIViewController+Extension.swift in Sources */ = {isa = PBXBuildFile; fileRef = 09F557652DA9F86000D1D1A7 /* UIViewController+Extension.swift */; };
		09F557862DA9F86000D1D1A7 /* Event.swift in Sources */ = {isa = PBXBuildFile; fileRef = 09F557692DA9F86000D1D1A7 /* Event.swift */; };
		09F557872DA9F86000D1D1A7 /* ProfileEditView.swift in Sources */ = {isa = PBXBuildFile; fileRef = 09F5577B2DA9F86000D1D1A7 /* ProfileEditView.swift */; };
		09F557882DA9F86000D1D1A7 /* SearchViewController.swift in Sources */ = {isa = PBXBuildFile; fileRef = 09F5577F2DA9F86000D1D1A7 /* SearchViewController.swift */; };
		09F5578B2DA9F86000D1D1A7 /* LoginView.swift in Sources */ = {isa = PBXBuildFile; fileRef = 09F557782DA9F86000D1D1A7 /* LoginView.swift */; };
		09F5578C2DA9F86000D1D1A7 /* Tag.swift in Sources */ = {isa = PBXBuildFile; fileRef = 09F557682DA9F86000D1D1A7 /* Tag.swift */; };
		09F5578F2DA9F86000D1D1A7 /* User.swift in Sources */ = {isa = PBXBuildFile; fileRef = 09F5576A2DA9F86000D1D1A7 /* User.swift */; };
		09F557912DA9F86000D1D1A7 /* LoginViewController.swift in Sources */ = {isa = PBXBuildFile; fileRef = 09F557792DA9F86000D1D1A7 /* LoginViewController.swift */; };
		09F557942DA9F86000D1D1A7 /* AppDelegate.swift in Sources */ = {isa = PBXBuildFile; fileRef = 09F5576C2DA9F86000D1D1A7 /* AppDelegate.swift */; };
		09F557952DA9F86000D1D1A7 /* HomeViewController.swift in Sources */ = {isa = PBXBuildFile; fileRef = 09F557762DA9F86000D1D1A7 /* HomeViewController.swift */; };
		09F557962DA9F86000D1D1A7 /* SearchView.swift in Sources */ = {isa = PBXBuildFile; fileRef = 09F5577E2DA9F86000D1D1A7 /* SearchView.swift */; };
		09F557972DA9F86000D1D1A7 /* SceneDelegate.swift in Sources */ = {isa = PBXBuildFile; fileRef = 09F557722DA9F86000D1D1A7 /* SceneDelegate.swift */; };
		09F557982DA9F86000D1D1A7 /* ViewController.swift in Sources */ = {isa = PBXBuildFile; fileRef = 09F557732DA9F86000D1D1A7 /* ViewController.swift */; };
		09F5579A2DA9F86000D1D1A7 /* HomeView.swift in Sources */ = {isa = PBXBuildFile; fileRef = 09F557752DA9F86000D1D1A7 /* HomeView.swift */; };
		09F5579B2DA9F86000D1D1A7 /* ViewCode+Extension.swift in Sources */ = {isa = PBXBuildFile; fileRef = 09F557662DA9F86000D1D1A7 /* ViewCode+Extension.swift */; };
		09F5579D2DA9F86000D1D1A7 /* ProfileEditViewController.swift in Sources */ = {isa = PBXBuildFile; fileRef = 09F5577C2DA9F86000D1D1A7 /* ProfileEditViewController.swift */; };
		09F5579E2DA9F86000D1D1A7 /* UIView+Constraints.swift in Sources */ = {isa = PBXBuildFile; fileRef = 09F557632DA9F86000D1D1A7 /* UIView+Constraints.swift */; };
		09F5579F2DA9F86000D1D1A7 /* LaunchScreen.storyboard in Resources */ = {isa = PBXBuildFile; fileRef = 09F5576F2DA9F86000D1D1A7 /* LaunchScreen.storyboard */; };
		09F557A02DA9F86000D1D1A7 /* Main.storyboard in Resources */ = {isa = PBXBuildFile; fileRef = 09F557712DA9F86000D1D1A7 /* Main.storyboard */; };
		09F557A12DA9F86000D1D1A7 /* Assets.xcassets in Resources */ = {isa = PBXBuildFile; fileRef = 09F5576D2DA9F86000D1D1A7 /* Assets.xcassets */; };
		368D35B42DC3E56E0050FF68 /* ProfileView.swift in Sources */ = {isa = PBXBuildFile; fileRef = 368D35B32DC3E5660050FF68 /* ProfileView.swift */; };
		368D35B62DC3E5760050FF68 /* ProfileViewController.swift in Sources */ = {isa = PBXBuildFile; fileRef = 368D35B52DC3E5710050FF68 /* ProfileViewController.swift */; };
/* End PBXBuildFile section */

/* Begin PBXFileReference section */
		091E48F82DC4208300F4C44D /* Extension+Constraints.swift */ = {isa = PBXFileReference; lastKnownFileType = sourcecode.swift; path = "Extension+Constraints.swift"; sourceTree = "<group>"; };
		091E48FA2DC4301C00F4C44D /* Survey.swift */ = {isa = PBXFileReference; lastKnownFileType = sourcecode.swift; path = Survey.swift; sourceTree = "<group>"; };
		092728DD2DC26D9C000D744C /* ChatViewController.swift */ = {isa = PBXFileReference; lastKnownFileType = sourcecode.swift; path = ChatViewController.swift; sourceTree = "<group>"; };
		092728DF2DC26DB1000D744C /* ChatView.swift */ = {isa = PBXFileReference; lastKnownFileType = sourcecode.swift; path = ChatView.swift; sourceTree = "<group>"; };
		092728E72DC2AD6E000D744C /* Chat.swift */ = {isa = PBXFileReference; lastKnownFileType = sourcecode.swift; path = Chat.swift; sourceTree = "<group>"; };
		092728E92DC2BA58000D744C /* Events+MockData.swift */ = {isa = PBXFileReference; lastKnownFileType = sourcecode.swift; path = "Events+MockData.swift"; sourceTree = "<group>"; };
		092728ED2DC2BB01000D744C /* Tag+MockData.swift */ = {isa = PBXFileReference; lastKnownFileType = sourcecode.swift; path = "Tag+MockData.swift"; sourceTree = "<group>"; };
		092728EF2DC2BB8F000D744C /* Users+MockData.swift */ = {isa = PBXFileReference; lastKnownFileType = sourcecode.swift; path = "Users+MockData.swift"; sourceTree = "<group>"; };
		092728F52DC2BCFD000D744C /* Chat+MockData.swift */ = {isa = PBXFileReference; lastKnownFileType = sourcecode.swift; path = "Chat+MockData.swift"; sourceTree = "<group>"; };
		0935A9D22DC53C5B004B24A2 /* AvatarGroupView.swift */ = {isa = PBXFileReference; lastKnownFileType = sourcecode.swift; path = AvatarGroupView.swift; sourceTree = "<group>"; };
		0935A9D32DC53C5B004B24A2 /* AvatarImageView.swift */ = {isa = PBXFileReference; lastKnownFileType = sourcecode.swift; path = AvatarImageView.swift; sourceTree = "<group>"; };
		0935A9D52DC53C5B004B24A2 /* ChatMessageTableViewCell.swift */ = {isa = PBXFileReference; lastKnownFileType = sourcecode.swift; path = ChatMessageTableViewCell.swift; sourceTree = "<group>"; };
		0935A9D62DC53C5B004B24A2 /* ChatNotificationTableViewCell.swift */ = {isa = PBXFileReference; lastKnownFileType = sourcecode.swift; path = ChatNotificationTableViewCell.swift; sourceTree = "<group>"; };
		0935A9D72DC53C5B004B24A2 /* ChatSurveyTableViewCell.swift */ = {isa = PBXFileReference; lastKnownFileType = sourcecode.swift; path = ChatSurveyTableViewCell.swift; sourceTree = "<group>"; };
		0935A9D92DC53C5B004B24A2 /* ChatProgressSurveyView.swift */ = {isa = PBXFileReference; lastKnownFileType = sourcecode.swift; path = ChatProgressSurveyView.swift; sourceTree = "<group>"; };
		0935A9DA2DC53C5B004B24A2 /* ChatTabBarView.swift */ = {isa = PBXFileReference; lastKnownFileType = sourcecode.swift; path = ChatTabBarView.swift; sourceTree = "<group>"; };
		0935A9DC2DC53C5B004B24A2 /* EventCardTableViewCell.swift */ = {isa = PBXFileReference; lastKnownFileType = sourcecode.swift; path = EventCardTableViewCell.swift; sourceTree = "<group>"; };
		0935A9DD2DC53C5B004B24A2 /* EventCardView.swift */ = {isa = PBXFileReference; lastKnownFileType = sourcecode.swift; path = EventCardView.swift; sourceTree = "<group>"; };
		0935A9DF2DC53C5B004B24A2 /* TabBarController.swift */ = {isa = PBXFileReference; lastKnownFileType = sourcecode.swift; path = TabBarController.swift; sourceTree = "<group>"; };
		0935A9E12DC53C5B004B24A2 /* TagCollectionViewCell.swift */ = {isa = PBXFileReference; lastKnownFileType = sourcecode.swift; path = TagCollectionViewCell.swift; sourceTree = "<group>"; };
		0935A9E22DC53C5B004B24A2 /* TagView.swift */ = {isa = PBXFileReference; lastKnownFileType = sourcecode.swift; path = TagView.swift; sourceTree = "<group>"; };
		0935A9E42DC53C5B004B24A2 /* ConquerView.swift */ = {isa = PBXFileReference; lastKnownFileType = sourcecode.swift; path = ConquerView.swift; sourceTree = "<group>"; };
		0935A9E52DC53C5B004B24A2 /* CostContainer.swift */ = {isa = PBXFileReference; lastKnownFileType = sourcecode.swift; path = CostContainer.swift; sourceTree = "<group>"; };
		0935A9E62DC53C5B004B24A2 /* CustomContainer.swift */ = {isa = PBXFileReference; lastKnownFileType = sourcecode.swift; path = CustomContainer.swift; sourceTree = "<group>"; };
		0935A9E72DC53C5B004B24A2 /* DividerView.swift */ = {isa = PBXFileReference; lastKnownFileType = sourcecode.swift; path = DividerView.swift; sourceTree = "<group>"; };
		0935A9E82DC53C5B004B24A2 /* ExpensesCard.swift */ = {isa = PBXFileReference; lastKnownFileType = sourcecode.swift; path = ExpensesCard.swift; sourceTree = "<group>"; };
		0935A9E92DC53C5B004B24A2 /* ParticipantesCard.swift */ = {isa = PBXFileReference; lastKnownFileType = sourcecode.swift; path = ParticipantesCard.swift; sourceTree = "<group>"; };
		0935A9EA2DC53C5B004B24A2 /* ProfileInfoView.swift */ = {isa = PBXFileReference; lastKnownFileType = sourcecode.swift; path = ProfileInfoView.swift; sourceTree = "<group>"; };
		0935A9EB2DC53C5B004B24A2 /* ProgressBar.swift */ = {isa = PBXFileReference; lastKnownFileType = sourcecode.swift; path = ProgressBar.swift; sourceTree = "<group>"; };
		0935A9EC2DC53C5B004B24A2 /* QuantityAndTitleView.swift */ = {isa = PBXFileReference; lastKnownFileType = sourcecode.swift; path = QuantityAndTitleView.swift; sourceTree = "<group>"; };
		0935A9ED2DC53C5B004B24A2 /* ReusableLabel.swift */ = {isa = PBXFileReference; lastKnownFileType = sourcecode.swift; path = ReusableLabel.swift; sourceTree = "<group>"; };
		0935A9EE2DC53C5B004B24A2 /* SettingButtonView.swift */ = {isa = PBXFileReference; lastKnownFileType = sourcecode.swift; path = SettingButtonView.swift; sourceTree = "<group>"; };
		0935AA072DC53D98004B24A2 /* CostControlView.swift */ = {isa = PBXFileReference; lastKnownFileType = sourcecode.swift; path = CostControlView.swift; sourceTree = "<group>"; };
		0935AA082DC53D98004B24A2 /* CostControlViewController.swift */ = {isa = PBXFileReference; lastKnownFileType = sourcecode.swift; path = CostControlViewController.swift; sourceTree = "<group>"; };
		0935AA0C2DC54758004B24A2 /* MyEventsView.swift */ = {isa = PBXFileReference; lastKnownFileType = sourcecode.swift; path = MyEventsView.swift; sourceTree = "<group>"; };
		0935AA0D2DC54758004B24A2 /* MyEventsViewController.swift */ = {isa = PBXFileReference; lastKnownFileType = sourcecode.swift; path = MyEventsViewController.swift; sourceTree = "<group>"; };
		099A927C2DC5034A00415196 /* MockData.swift */ = {isa = PBXFileReference; lastKnownFileType = sourcecode.swift; path = MockData.swift; sourceTree = "<group>"; };
		099A927E2DC50A7500415196 /* RegisterView.swift */ = {isa = PBXFileReference; lastKnownFileType = sourcecode.swift; path = RegisterView.swift; sourceTree = "<group>"; };
		099A927F2DC50A7500415196 /* RegisterViewController.swift */ = {isa = PBXFileReference; lastKnownFileType = sourcecode.swift; path = RegisterViewController.swift; sourceTree = "<group>"; };
		09B2009C2DC04EA800A26EA2 /* CreateEventView.swift */ = {isa = PBXFileReference; lastKnownFileType = sourcecode.swift; path = CreateEventView.swift; sourceTree = "<group>"; };
		09B2009D2DC04EA800A26EA2 /* CreateEventViewController.swift */ = {isa = PBXFileReference; lastKnownFileType = sourcecode.swift; path = CreateEventViewController.swift; sourceTree = "<group>"; };
		09CE52862DC19B35008D8022 /* EventDetailsView.swift */ = {isa = PBXFileReference; lastKnownFileType = sourcecode.swift; path = EventDetailsView.swift; sourceTree = "<group>"; };
		09CE52872DC19B35008D8022 /* EventDetailsViewController.swift */ = {isa = PBXFileReference; lastKnownFileType = sourcecode.swift; path = EventDetailsViewController.swift; sourceTree = "<group>"; };
		09EAF14C2DDFDF7E00D4EE42 /* GoogleService-Info.plist */ = {isa = PBXFileReference; lastKnownFileType = text.plist.xml; path = "GoogleService-Info.plist"; sourceTree = "<group>"; };
		09F557632DA9F86000D1D1A7 /* UIView+Constraints.swift */ = {isa = PBXFileReference; lastKnownFileType = sourcecode.swift; path = "UIView+Constraints.swift"; sourceTree = "<group>"; };
		09F557642DA9F86000D1D1A7 /* UIView+Extension.swift */ = {isa = PBXFileReference; lastKnownFileType = sourcecode.swift; path = "UIView+Extension.swift"; sourceTree = "<group>"; };
		09F557652DA9F86000D1D1A7 /* UIViewController+Extension.swift */ = {isa = PBXFileReference; lastKnownFileType = sourcecode.swift; path = "UIViewController+Extension.swift"; sourceTree = "<group>"; };
		09F557662DA9F86000D1D1A7 /* ViewCode+Extension.swift */ = {isa = PBXFileReference; lastKnownFileType = sourcecode.swift; path = "ViewCode+Extension.swift"; sourceTree = "<group>"; };
		09F557682DA9F86000D1D1A7 /* Tag.swift */ = {isa = PBXFileReference; lastKnownFileType = sourcecode.swift; path = Tag.swift; sourceTree = "<group>"; };
		09F557692DA9F86000D1D1A7 /* Event.swift */ = {isa = PBXFileReference; lastKnownFileType = sourcecode.swift; path = Event.swift; sourceTree = "<group>"; };
		09F5576A2DA9F86000D1D1A7 /* User.swift */ = {isa = PBXFileReference; lastKnownFileType = sourcecode.swift; path = User.swift; sourceTree = "<group>"; };
		09F5576C2DA9F86000D1D1A7 /* AppDelegate.swift */ = {isa = PBXFileReference; lastKnownFileType = sourcecode.swift; path = AppDelegate.swift; sourceTree = "<group>"; };
		09F5576D2DA9F86000D1D1A7 /* Assets.xcassets */ = {isa = PBXFileReference; lastKnownFileType = folder.assetcatalog; path = Assets.xcassets; sourceTree = "<group>"; };
		09F5576E2DA9F86000D1D1A7 /* Base */ = {isa = PBXFileReference; lastKnownFileType = file.storyboard; name = Base; path = Base.lproj/LaunchScreen.storyboard; sourceTree = "<group>"; };
		09F557702DA9F86000D1D1A7 /* Base */ = {isa = PBXFileReference; lastKnownFileType = file.storyboard; name = Base; path = Base.lproj/Main.storyboard; sourceTree = "<group>"; };
		09F557722DA9F86000D1D1A7 /* SceneDelegate.swift */ = {isa = PBXFileReference; lastKnownFileType = sourcecode.swift; path = SceneDelegate.swift; sourceTree = "<group>"; };
		09F557732DA9F86000D1D1A7 /* ViewController.swift */ = {isa = PBXFileReference; lastKnownFileType = sourcecode.swift; path = ViewController.swift; sourceTree = "<group>"; };
		09F557752DA9F86000D1D1A7 /* HomeView.swift */ = {isa = PBXFileReference; lastKnownFileType = sourcecode.swift; path = HomeView.swift; sourceTree = "<group>"; };
		09F557762DA9F86000D1D1A7 /* HomeViewController.swift */ = {isa = PBXFileReference; lastKnownFileType = sourcecode.swift; path = HomeViewController.swift; sourceTree = "<group>"; };
		09F557782DA9F86000D1D1A7 /* LoginView.swift */ = {isa = PBXFileReference; lastKnownFileType = sourcecode.swift; path = LoginView.swift; sourceTree = "<group>"; };
		09F557792DA9F86000D1D1A7 /* LoginViewController.swift */ = {isa = PBXFileReference; lastKnownFileType = sourcecode.swift; path = LoginViewController.swift; sourceTree = "<group>"; };
		09F5577B2DA9F86000D1D1A7 /* ProfileEditView.swift */ = {isa = PBXFileReference; lastKnownFileType = sourcecode.swift; path = ProfileEditView.swift; sourceTree = "<group>"; };
		09F5577C2DA9F86000D1D1A7 /* ProfileEditViewController.swift */ = {isa = PBXFileReference; lastKnownFileType = sourcecode.swift; path = ProfileEditViewController.swift; sourceTree = "<group>"; };
		09F5577E2DA9F86000D1D1A7 /* SearchView.swift */ = {isa = PBXFileReference; lastKnownFileType = sourcecode.swift; path = SearchView.swift; sourceTree = "<group>"; };
		09F5577F2DA9F86000D1D1A7 /* SearchViewController.swift */ = {isa = PBXFileReference; lastKnownFileType = sourcecode.swift; path = SearchViewController.swift; sourceTree = "<group>"; };
		368D35B32DC3E5660050FF68 /* ProfileView.swift */ = {isa = PBXFileReference; lastKnownFileType = sourcecode.swift; path = ProfileView.swift; sourceTree = "<group>"; };
		368D35B52DC3E5710050FF68 /* ProfileViewController.swift */ = {isa = PBXFileReference; lastKnownFileType = sourcecode.swift; path = ProfileViewController.swift; sourceTree = "<group>"; };
		539D7B7E2D8D9C050061BB67 /* LetsBora.app */ = {isa = PBXFileReference; explicitFileType = wrapper.application; includeInIndex = 0; path = LetsBora.app; sourceTree = BUILT_PRODUCTS_DIR; };
		539D7B8F2D8D9C070061BB67 /* Info.plist */ = {isa = PBXFileReference; lastKnownFileType = text.plist.xml; path = Info.plist; sourceTree = "<group>"; };
/* End PBXFileReference section */

/* Begin PBXFrameworksBuildPhase section */
		539D7B7B2D8D9C050061BB67 /* Frameworks */ = {
			isa = PBXFrameworksBuildPhase;
			buildActionMask = 2147483647;
			files = (
				09EAF1502DDFE0C300D4EE42 /* FirebaseAuth in Frameworks */,
			);
			runOnlyForDeploymentPostprocessing = 0;
		};
/* End PBXFrameworksBuildPhase section */

/* Begin PBXGroup section */
		092728DC2DC26D8A000D744C /* Chat */ = {
			isa = PBXGroup;
			children = (
				092728DD2DC26D9C000D744C /* ChatViewController.swift */,
				092728DF2DC26DB1000D744C /* ChatView.swift */,
			);
			path = Chat;
			sourceTree = "<group>";
		};
		0935A9D42DC53C5B004B24A2 /* Avatar */ = {
			isa = PBXGroup;
			children = (
				0935A9D22DC53C5B004B24A2 /* AvatarGroupView.swift */,
				0935A9D32DC53C5B004B24A2 /* AvatarImageView.swift */,
			);
			path = Avatar;
			sourceTree = "<group>";
		};
		0935A9D82DC53C5B004B24A2 /* Cell */ = {
			isa = PBXGroup;
			children = (
				0935A9D52DC53C5B004B24A2 /* ChatMessageTableViewCell.swift */,
				0935A9D62DC53C5B004B24A2 /* ChatNotificationTableViewCell.swift */,
				0935A9D72DC53C5B004B24A2 /* ChatSurveyTableViewCell.swift */,
			);
			path = Cell;
			sourceTree = "<group>";
		};
		0935A9DB2DC53C5B004B24A2 /* Chat */ = {
			isa = PBXGroup;
			children = (
				0935A9D82DC53C5B004B24A2 /* Cell */,
				0935A9D92DC53C5B004B24A2 /* ChatProgressSurveyView.swift */,
				0935A9DA2DC53C5B004B24A2 /* ChatTabBarView.swift */,
			);
			path = Chat;
			sourceTree = "<group>";
		};
		0935A9DE2DC53C5B004B24A2 /* EventCard */ = {
			isa = PBXGroup;
			children = (
				0935A9DC2DC53C5B004B24A2 /* EventCardTableViewCell.swift */,
				0935A9DD2DC53C5B004B24A2 /* EventCardView.swift */,
			);
			path = EventCard;
			sourceTree = "<group>";
		};
		0935A9E02DC53C5B004B24A2 /* TabBar */ = {
			isa = PBXGroup;
			children = (
				0935A9DF2DC53C5B004B24A2 /* TabBarController.swift */,
			);
			path = TabBar;
			sourceTree = "<group>";
		};
		0935A9E32DC53C5B004B24A2 /* Tag */ = {
			isa = PBXGroup;
			children = (
				0935A9E12DC53C5B004B24A2 /* TagCollectionViewCell.swift */,
				0935A9E22DC53C5B004B24A2 /* TagView.swift */,
			);
			path = Tag;
			sourceTree = "<group>";
		};
		0935A9EF2DC53C5B004B24A2 /* Components */ = {
			isa = PBXGroup;
			children = (
				0935A9D42DC53C5B004B24A2 /* Avatar */,
				0935A9DB2DC53C5B004B24A2 /* Chat */,
				0935A9DE2DC53C5B004B24A2 /* EventCard */,
				0935A9E02DC53C5B004B24A2 /* TabBar */,
				0935A9E32DC53C5B004B24A2 /* Tag */,
				0935A9E42DC53C5B004B24A2 /* ConquerView.swift */,
				0935A9E52DC53C5B004B24A2 /* CostContainer.swift */,
				0935A9E62DC53C5B004B24A2 /* CustomContainer.swift */,
				0935A9E72DC53C5B004B24A2 /* DividerView.swift */,
				0935A9E82DC53C5B004B24A2 /* ExpensesCard.swift */,
				0935A9E92DC53C5B004B24A2 /* ParticipantesCard.swift */,
				0935A9EA2DC53C5B004B24A2 /* ProfileInfoView.swift */,
				0935A9EB2DC53C5B004B24A2 /* ProgressBar.swift */,
				0935A9EC2DC53C5B004B24A2 /* QuantityAndTitleView.swift */,
				0935A9ED2DC53C5B004B24A2 /* ReusableLabel.swift */,
				0935A9EE2DC53C5B004B24A2 /* SettingButtonView.swift */,
			);
			path = Components;
			sourceTree = "<group>";
		};
		0935AA092DC53D98004B24A2 /* CostControl */ = {
			isa = PBXGroup;
			children = (
				0935AA072DC53D98004B24A2 /* CostControlView.swift */,
				0935AA082DC53D98004B24A2 /* CostControlViewController.swift */,
			);
			path = CostControl;
			sourceTree = "<group>";
		};
		0935AA0E2DC54758004B24A2 /* MyEvents */ = {
			isa = PBXGroup;
			children = (
				0935AA0C2DC54758004B24A2 /* MyEventsView.swift */,
				0935AA0D2DC54758004B24A2 /* MyEventsViewController.swift */,
			);
			path = MyEvents;
			sourceTree = "<group>";
		};
		099A92802DC50A7500415196 /* Register */ = {
			isa = PBXGroup;
			children = (
				099A927E2DC50A7500415196 /* RegisterView.swift */,
				099A927F2DC50A7500415196 /* RegisterViewController.swift */,
			);
			path = Register;
			sourceTree = "<group>";
		};
		09B2009B2DC04E3500A26EA2 /* CreateEvent */ = {
			isa = PBXGroup;
			children = (
				09B2009C2DC04EA800A26EA2 /* CreateEventView.swift */,
				09B2009D2DC04EA800A26EA2 /* CreateEventViewController.swift */,
			);
			path = CreateEvent;
			sourceTree = "<group>";
		};
		09CE52882DC19B35008D8022 /* EventDetails */ = {
			isa = PBXGroup;
			children = (
				09CE52862DC19B35008D8022 /* EventDetailsView.swift */,
				09CE52872DC19B35008D8022 /* EventDetailsViewController.swift */,
			);
			path = EventDetails;
			sourceTree = "<group>";
		};
		09F557672DA9F86000D1D1A7 /* Extensions */ = {
			isa = PBXGroup;
			children = (
				091E48F82DC4208300F4C44D /* Extension+Constraints.swift */,
				09F557632DA9F86000D1D1A7 /* UIView+Constraints.swift */,
				09F557642DA9F86000D1D1A7 /* UIView+Extension.swift */,
				09F557652DA9F86000D1D1A7 /* UIViewController+Extension.swift */,
				09F557662DA9F86000D1D1A7 /* ViewCode+Extension.swift */,
			);
			path = Extensions;
			sourceTree = "<group>";
		};
		09F5576B2DA9F86000D1D1A7 /* Models */ = {
			isa = PBXGroup;
			children = (
				091E48FA2DC4301C00F4C44D /* Survey.swift */,
				092728E72DC2AD6E000D744C /* Chat.swift */,
				09F557682DA9F86000D1D1A7 /* Tag.swift */,
				09F557692DA9F86000D1D1A7 /* Event.swift */,
				09F5576A2DA9F86000D1D1A7 /* User.swift */,
			);
			path = Models;
			sourceTree = "<group>";
		};
		09F557742DA9F86000D1D1A7 /* Resources */ = {
			isa = PBXGroup;
			children = (
				09F5576C2DA9F86000D1D1A7 /* AppDelegate.swift */,
				09F5576D2DA9F86000D1D1A7 /* Assets.xcassets */,
				09F5576F2DA9F86000D1D1A7 /* LaunchScreen.storyboard */,
				09F557712DA9F86000D1D1A7 /* Main.storyboard */,
				09F557722DA9F86000D1D1A7 /* SceneDelegate.swift */,
				09F557732DA9F86000D1D1A7 /* ViewController.swift */,
			);
			path = Resources;
			sourceTree = "<group>";
		};
		09F557772DA9F86000D1D1A7 /* Home */ = {
			isa = PBXGroup;
			children = (
				09F557752DA9F86000D1D1A7 /* HomeView.swift */,
				09F557762DA9F86000D1D1A7 /* HomeViewController.swift */,
			);
			path = Home;
			sourceTree = "<group>";
		};
		09F5577A2DA9F86000D1D1A7 /* Login */ = {
			isa = PBXGroup;
			children = (
				09F557782DA9F86000D1D1A7 /* LoginView.swift */,
				09F557792DA9F86000D1D1A7 /* LoginViewController.swift */,
			);
			path = Login;
			sourceTree = "<group>";
		};
		09F5577D2DA9F86000D1D1A7 /* ProfileEdit */ = {
			isa = PBXGroup;
			children = (
				09F5577B2DA9F86000D1D1A7 /* ProfileEditView.swift */,
				09F5577C2DA9F86000D1D1A7 /* ProfileEditViewController.swift */,
			);
			path = ProfileEdit;
			sourceTree = "<group>";
		};
		09F557802DA9F86000D1D1A7 /* Search */ = {
			isa = PBXGroup;
			children = (
				09F5577E2DA9F86000D1D1A7 /* SearchView.swift */,
				09F5577F2DA9F86000D1D1A7 /* SearchViewController.swift */,
			);
			path = Search;
			sourceTree = "<group>";
		};
		09F557812DA9F86000D1D1A7 /* Screens */ = {
			isa = PBXGroup;
			children = (
				0935AA0E2DC54758004B24A2 /* MyEvents */,
				0935AA092DC53D98004B24A2 /* CostControl */,
				099A92802DC50A7500415196 /* Register */,
				368D35B22DC3E5610050FF68 /* Profile */,
				092728DC2DC26D8A000D744C /* Chat */,
				09CE52882DC19B35008D8022 /* EventDetails */,
				09B2009B2DC04E3500A26EA2 /* CreateEvent */,
				09F557772DA9F86000D1D1A7 /* Home */,
				09F5577A2DA9F86000D1D1A7 /* Login */,
				09F5577D2DA9F86000D1D1A7 /* ProfileEdit */,
				09F557802DA9F86000D1D1A7 /* Search */,
			);
			path = Screens;
			sourceTree = "<group>";
		};
		09F557832DA9F86000D1D1A7 /* Utils */ = {
			isa = PBXGroup;
			children = (
				099A927C2DC5034A00415196 /* MockData.swift */,
				092728F52DC2BCFD000D744C /* Chat+MockData.swift */,
				092728EF2DC2BB8F000D744C /* Users+MockData.swift */,
				092728ED2DC2BB01000D744C /* Tag+MockData.swift */,
				092728E92DC2BA58000D744C /* Events+MockData.swift */,
			);
			path = Utils;
			sourceTree = "<group>";
		};
		368D35B22DC3E5610050FF68 /* Profile */ = {
			isa = PBXGroup;
			children = (
				368D35B52DC3E5710050FF68 /* ProfileViewController.swift */,
				368D35B32DC3E5660050FF68 /* ProfileView.swift */,
			);
			path = Profile;
			sourceTree = "<group>";
		};
		539D7B752D8D9C040061BB67 = {
			isa = PBXGroup;
			children = (
				539D7B802D8D9C050061BB67 /* LetsBora */,
				539D7B7F2D8D9C050061BB67 /* Products */,
			);
			sourceTree = "<group>";
		};
		539D7B7F2D8D9C050061BB67 /* Products */ = {
			isa = PBXGroup;
			children = (
				539D7B7E2D8D9C050061BB67 /* LetsBora.app */,
			);
			name = Products;
			sourceTree = "<group>";
		};
		539D7B802D8D9C050061BB67 /* LetsBora */ = {
			isa = PBXGroup;
			children = (
				09F557742DA9F86000D1D1A7 /* Resources */,
				09F557672DA9F86000D1D1A7 /* Extensions */,
				09F557832DA9F86000D1D1A7 /* Utils */,
				09F5576B2DA9F86000D1D1A7 /* Models */,
				0935A9EF2DC53C5B004B24A2 /* Components */,
				09F557812DA9F86000D1D1A7 /* Screens */,
				539D7B8F2D8D9C070061BB67 /* Info.plist */,
				09EAF14C2DDFDF7E00D4EE42 /* GoogleService-Info.plist */,
			);
			path = LetsBora;
			sourceTree = "<group>";
		};
/* End PBXGroup section */

/* Begin PBXNativeTarget section */
		539D7B7D2D8D9C050061BB67 /* LetsBora */ = {
			isa = PBXNativeTarget;
			buildConfigurationList = 539D7B922D8D9C070061BB67 /* Build configuration list for PBXNativeTarget "LetsBora" */;
			buildPhases = (
				539D7B7A2D8D9C050061BB67 /* Sources */,
				539D7B7B2D8D9C050061BB67 /* Frameworks */,
				539D7B7C2D8D9C050061BB67 /* Resources */,
			);
			buildRules = (
			);
			dependencies = (
			);
			name = LetsBora;
			productName = LetsBora;
			productReference = 539D7B7E2D8D9C050061BB67 /* LetsBora.app */;
			productType = "com.apple.product-type.application";
		};
/* End PBXNativeTarget section */

/* Begin PBXProject section */
		539D7B762D8D9C040061BB67 /* Project object */ = {
			isa = PBXProject;
			attributes = {
				BuildIndependentTargetsInParallel = 1;
				LastSwiftUpdateCheck = 1420;
				LastUpgradeCheck = 1630;
				TargetAttributes = {
					539D7B7D2D8D9C050061BB67 = {
						CreatedOnToolsVersion = 14.2;
					};
				};
			};
			buildConfigurationList = 539D7B792D8D9C040061BB67 /* Build configuration list for PBXProject "LetsBora" */;
			compatibilityVersion = "Xcode 14.0";
			developmentRegion = en;
			hasScannedForEncodings = 0;
			knownRegions = (
				en,
				Base,
			);
			mainGroup = 539D7B752D8D9C040061BB67;
			packageReferences = (
				09EAF14E2DDFE0C300D4EE42 /* XCRemoteSwiftPackageReference "firebase-ios-sdk" */,
			);
			productRefGroup = 539D7B7F2D8D9C050061BB67 /* Products */;
			projectDirPath = "";
			projectRoot = "";
			targets = (
				539D7B7D2D8D9C050061BB67 /* LetsBora */,
			);
		};
/* End PBXProject section */

/* Begin PBXResourcesBuildPhase section */
		539D7B7C2D8D9C050061BB67 /* Resources */ = {
			isa = PBXResourcesBuildPhase;
			buildActionMask = 2147483647;
			files = (
				09F5579F2DA9F86000D1D1A7 /* LaunchScreen.storyboard in Resources */,
				09EAF14D2DDFDF7E00D4EE42 /* GoogleService-Info.plist in Resources */,
				09F557A02DA9F86000D1D1A7 /* Main.storyboard in Resources */,
				09F557A12DA9F86000D1D1A7 /* Assets.xcassets in Resources */,
			);
			runOnlyForDeploymentPostprocessing = 0;
		};
/* End PBXResourcesBuildPhase section */

/* Begin PBXSourcesBuildPhase section */
		539D7B7A2D8D9C050061BB67 /* Sources */ = {
			isa = PBXSourcesBuildPhase;
			buildActionMask = 2147483647;
			files = (
				0935AA0A2DC53D98004B24A2 /* CostControlViewController.swift in Sources */,
				0935AA0B2DC53D98004B24A2 /* CostControlView.swift in Sources */,
				092728F02DC2BB95000D744C /* Users+MockData.swift in Sources */,
				09F557842DA9F86000D1D1A7 /* UIView+Extension.swift in Sources */,
				09F557852DA9F86000D1D1A7 /* UIViewController+Extension.swift in Sources */,
				09B2009E2DC04EA800A26EA2 /* CreateEventViewController.swift in Sources */,
				092728EE2DC2BB06000D744C /* Tag+MockData.swift in Sources */,
				09B2009F2DC04EA800A26EA2 /* CreateEventView.swift in Sources */,
				09F557862DA9F86000D1D1A7 /* Event.swift in Sources */,
				09F557872DA9F86000D1D1A7 /* ProfileEditView.swift in Sources */,
				09F557882DA9F86000D1D1A7 /* SearchViewController.swift in Sources */,
				092728F62DC2BCFD000D744C /* Chat+MockData.swift in Sources */,
				09F5578B2DA9F86000D1D1A7 /* LoginView.swift in Sources */,
				091E48FB2DC4302100F4C44D /* Survey.swift in Sources */,
				09F5578C2DA9F86000D1D1A7 /* Tag.swift in Sources */,
				092728EA2DC2BA61000D744C /* Events+MockData.swift in Sources */,
				092728E02DC26DB1000D744C /* ChatView.swift in Sources */,
				092728DE2DC26D9C000D744C /* ChatViewController.swift in Sources */,
				09F5578F2DA9F86000D1D1A7 /* User.swift in Sources */,
				092728E82DC2AD70000D744C /* Chat.swift in Sources */,
				09F557912DA9F86000D1D1A7 /* LoginViewController.swift in Sources */,
				091E48F92DC4208C00F4C44D /* Extension+Constraints.swift in Sources */,
				09F557942DA9F86000D1D1A7 /* AppDelegate.swift in Sources */,
				09CE52892DC19B35008D8022 /* EventDetailsViewController.swift in Sources */,
				09CE528A2DC19B35008D8022 /* EventDetailsView.swift in Sources */,
				09F557952DA9F86000D1D1A7 /* HomeViewController.swift in Sources */,
				09F557962DA9F86000D1D1A7 /* SearchView.swift in Sources */,
				368D35B62DC3E5760050FF68 /* ProfileViewController.swift in Sources */,
				09F557972DA9F86000D1D1A7 /* SceneDelegate.swift in Sources */,
				09F557982DA9F86000D1D1A7 /* ViewController.swift in Sources */,
				09F5579A2DA9F86000D1D1A7 /* HomeView.swift in Sources */,
				099A92812DC50A7500415196 /* RegisterViewController.swift in Sources */,
				099A92822DC50A7500415196 /* RegisterView.swift in Sources */,
				09F5579B2DA9F86000D1D1A7 /* ViewCode+Extension.swift in Sources */,
				0935A9F02DC53C5B004B24A2 /* ReusableLabel.swift in Sources */,
				0935A9F12DC53C5B004B24A2 /* CustomContainer.swift in Sources */,
				0935A9F22DC53C5B004B24A2 /* TagView.swift in Sources */,
				0935A9F32DC53C5B004B24A2 /* ExpensesCard.swift in Sources */,
				0935A9F42DC53C5B004B24A2 /* EventCardView.swift in Sources */,
				0935A9F52DC53C5B004B24A2 /* ChatNotificationTableViewCell.swift in Sources */,
				0935A9F62DC53C5B004B24A2 /* ChatMessageTableViewCell.swift in Sources */,
				0935A9F72DC53C5B004B24A2 /* ChatSurveyTableViewCell.swift in Sources */,
				0935AA0F2DC54758004B24A2 /* MyEventsView.swift in Sources */,
				0935AA102DC54758004B24A2 /* MyEventsViewController.swift in Sources */,
				0935A9F82DC53C5B004B24A2 /* ChatProgressSurveyView.swift in Sources */,
				0935A9F92DC53C5B004B24A2 /* TabBarController.swift in Sources */,
				0935A9FA2DC53C5B004B24A2 /* ProfileInfoView.swift in Sources */,
				0935A9FB2DC53C5B004B24A2 /* DividerView.swift in Sources */,
				0935A9FC2DC53C5B004B24A2 /* SettingButtonView.swift in Sources */,
				0935A9FD2DC53C5B004B24A2 /* TagCollectionViewCell.swift in Sources */,
				0935A9FE2DC53C5B004B24A2 /* AvatarImageView.swift in Sources */,
				0935A9FF2DC53C5B004B24A2 /* ParticipantesCard.swift in Sources */,
				0935AA002DC53C5B004B24A2 /* CostContainer.swift in Sources */,
				0935AA012DC53C5B004B24A2 /* AvatarGroupView.swift in Sources */,
				0935AA022DC53C5B004B24A2 /* EventCardTableViewCell.swift in Sources */,
				0935AA032DC53C5B004B24A2 /* QuantityAndTitleView.swift in Sources */,
				0935AA042DC53C5B004B24A2 /* ChatTabBarView.swift in Sources */,
				0935AA052DC53C5B004B24A2 /* ProgressBar.swift in Sources */,
				0935AA062DC53C5B004B24A2 /* ConquerView.swift in Sources */,
				09F5579D2DA9F86000D1D1A7 /* ProfileEditViewController.swift in Sources */,
				099A927D2DC5034A00415196 /* MockData.swift in Sources */,
				368D35B42DC3E56E0050FF68 /* ProfileView.swift in Sources */,
				09F5579E2DA9F86000D1D1A7 /* UIView+Constraints.swift in Sources */,
			);
			runOnlyForDeploymentPostprocessing = 0;
		};
/* End PBXSourcesBuildPhase section */

/* Begin PBXVariantGroup section */
		09F5576F2DA9F86000D1D1A7 /* LaunchScreen.storyboard */ = {
			isa = PBXVariantGroup;
			children = (
				09F5576E2DA9F86000D1D1A7 /* Base */,
			);
			name = LaunchScreen.storyboard;
			sourceTree = "<group>";
		};
		09F557712DA9F86000D1D1A7 /* Main.storyboard */ = {
			isa = PBXVariantGroup;
			children = (
				09F557702DA9F86000D1D1A7 /* Base */,
			);
			name = Main.storyboard;
			sourceTree = "<group>";
		};
/* End PBXVariantGroup section */

/* Begin XCBuildConfiguration section */
		539D7B902D8D9C070061BB67 /* Debug */ = {
			isa = XCBuildConfiguration;
			buildSettings = {
				ALWAYS_SEARCH_USER_PATHS = NO;
				ASSETCATALOG_COMPILER_GENERATE_SWIFT_ASSET_SYMBOL_EXTENSIONS = YES;
				CLANG_ANALYZER_NONNULL = YES;
				CLANG_ANALYZER_NUMBER_OBJECT_CONVERSION = YES_AGGRESSIVE;
				CLANG_CXX_LANGUAGE_STANDARD = "gnu++20";
				CLANG_ENABLE_MODULES = YES;
				CLANG_ENABLE_OBJC_ARC = YES;
				CLANG_ENABLE_OBJC_WEAK = YES;
				CLANG_WARN_BLOCK_CAPTURE_AUTORELEASING = YES;
				CLANG_WARN_BOOL_CONVERSION = YES;
				CLANG_WARN_COMMA = YES;
				CLANG_WARN_CONSTANT_CONVERSION = YES;
				CLANG_WARN_DEPRECATED_OBJC_IMPLEMENTATIONS = YES;
				CLANG_WARN_DIRECT_OBJC_ISA_USAGE = YES_ERROR;
				CLANG_WARN_DOCUMENTATION_COMMENTS = YES;
				CLANG_WARN_EMPTY_BODY = YES;
				CLANG_WARN_ENUM_CONVERSION = YES;
				CLANG_WARN_INFINITE_RECURSION = YES;
				CLANG_WARN_INT_CONVERSION = YES;
				CLANG_WARN_NON_LITERAL_NULL_CONVERSION = YES;
				CLANG_WARN_OBJC_IMPLICIT_RETAIN_SELF = YES;
				CLANG_WARN_OBJC_LITERAL_CONVERSION = YES;
				CLANG_WARN_OBJC_ROOT_CLASS = YES_ERROR;
				CLANG_WARN_QUOTED_INCLUDE_IN_FRAMEWORK_HEADER = YES;
				CLANG_WARN_RANGE_LOOP_ANALYSIS = YES;
				CLANG_WARN_STRICT_PROTOTYPES = YES;
				CLANG_WARN_SUSPICIOUS_MOVE = YES;
				CLANG_WARN_UNGUARDED_AVAILABILITY = YES_AGGRESSIVE;
				CLANG_WARN_UNREACHABLE_CODE = YES;
				CLANG_WARN__DUPLICATE_METHOD_MATCH = YES;
				COPY_PHASE_STRIP = NO;
				DEBUG_INFORMATION_FORMAT = dwarf;
				ENABLE_STRICT_OBJC_MSGSEND = YES;
				ENABLE_TESTABILITY = YES;
				ENABLE_USER_SCRIPT_SANDBOXING = YES;
				GCC_C_LANGUAGE_STANDARD = gnu11;
				GCC_DYNAMIC_NO_PIC = NO;
				GCC_NO_COMMON_BLOCKS = YES;
				GCC_OPTIMIZATION_LEVEL = 0;
				GCC_PREPROCESSOR_DEFINITIONS = (
					"DEBUG=1",
					"$(inherited)",
				);
				GCC_WARN_64_TO_32_BIT_CONVERSION = YES;
				GCC_WARN_ABOUT_RETURN_TYPE = YES_ERROR;
				GCC_WARN_UNDECLARED_SELECTOR = YES;
				GCC_WARN_UNINITIALIZED_AUTOS = YES_AGGRESSIVE;
				GCC_WARN_UNUSED_FUNCTION = YES;
				GCC_WARN_UNUSED_VARIABLE = YES;
				IPHONEOS_DEPLOYMENT_TARGET = 16.2;
				MTL_ENABLE_DEBUG_INFO = INCLUDE_SOURCE;
				MTL_FAST_MATH = YES;
				ONLY_ACTIVE_ARCH = YES;
				SDKROOT = iphoneos;
				SWIFT_ACTIVE_COMPILATION_CONDITIONS = DEBUG;
				SWIFT_OPTIMIZATION_LEVEL = "-Onone";
			};
			name = Debug;
		};
		539D7B912D8D9C070061BB67 /* Release */ = {
			isa = XCBuildConfiguration;
			buildSettings = {
				ALWAYS_SEARCH_USER_PATHS = NO;
				ASSETCATALOG_COMPILER_GENERATE_SWIFT_ASSET_SYMBOL_EXTENSIONS = YES;
				CLANG_ANALYZER_NONNULL = YES;
				CLANG_ANALYZER_NUMBER_OBJECT_CONVERSION = YES_AGGRESSIVE;
				CLANG_CXX_LANGUAGE_STANDARD = "gnu++20";
				CLANG_ENABLE_MODULES = YES;
				CLANG_ENABLE_OBJC_ARC = YES;
				CLANG_ENABLE_OBJC_WEAK = YES;
				CLANG_WARN_BLOCK_CAPTURE_AUTORELEASING = YES;
				CLANG_WARN_BOOL_CONVERSION = YES;
				CLANG_WARN_COMMA = YES;
				CLANG_WARN_CONSTANT_CONVERSION = YES;
				CLANG_WARN_DEPRECATED_OBJC_IMPLEMENTATIONS = YES;
				CLANG_WARN_DIRECT_OBJC_ISA_USAGE = YES_ERROR;
				CLANG_WARN_DOCUMENTATION_COMMENTS = YES;
				CLANG_WARN_EMPTY_BODY = YES;
				CLANG_WARN_ENUM_CONVERSION = YES;
				CLANG_WARN_INFINITE_RECURSION = YES;
				CLANG_WARN_INT_CONVERSION = YES;
				CLANG_WARN_NON_LITERAL_NULL_CONVERSION = YES;
				CLANG_WARN_OBJC_IMPLICIT_RETAIN_SELF = YES;
				CLANG_WARN_OBJC_LITERAL_CONVERSION = YES;
				CLANG_WARN_OBJC_ROOT_CLASS = YES_ERROR;
				CLANG_WARN_QUOTED_INCLUDE_IN_FRAMEWORK_HEADER = YES;
				CLANG_WARN_RANGE_LOOP_ANALYSIS = YES;
				CLANG_WARN_STRICT_PROTOTYPES = YES;
				CLANG_WARN_SUSPICIOUS_MOVE = YES;
				CLANG_WARN_UNGUARDED_AVAILABILITY = YES_AGGRESSIVE;
				CLANG_WARN_UNREACHABLE_CODE = YES;
				CLANG_WARN__DUPLICATE_METHOD_MATCH = YES;
				COPY_PHASE_STRIP = NO;
				DEBUG_INFORMATION_FORMAT = "dwarf-with-dsym";
				ENABLE_NS_ASSERTIONS = NO;
				ENABLE_STRICT_OBJC_MSGSEND = YES;
				ENABLE_USER_SCRIPT_SANDBOXING = YES;
				GCC_C_LANGUAGE_STANDARD = gnu11;
				GCC_NO_COMMON_BLOCKS = YES;
				GCC_WARN_64_TO_32_BIT_CONVERSION = YES;
				GCC_WARN_ABOUT_RETURN_TYPE = YES_ERROR;
				GCC_WARN_UNDECLARED_SELECTOR = YES;
				GCC_WARN_UNINITIALIZED_AUTOS = YES_AGGRESSIVE;
				GCC_WARN_UNUSED_FUNCTION = YES;
				GCC_WARN_UNUSED_VARIABLE = YES;
				IPHONEOS_DEPLOYMENT_TARGET = 16.2;
				MTL_ENABLE_DEBUG_INFO = NO;
				MTL_FAST_MATH = YES;
				SDKROOT = iphoneos;
				SWIFT_COMPILATION_MODE = wholemodule;
				SWIFT_OPTIMIZATION_LEVEL = "-O";
				VALIDATE_PRODUCT = YES;
			};
			name = Release;
		};
		539D7B932D8D9C070061BB67 /* Debug */ = {
			isa = XCBuildConfiguration;
			buildSettings = {
				ASSETCATALOG_COMPILER_APPICON_NAME = AppIcon;
				ASSETCATALOG_COMPILER_GLOBAL_ACCENT_COLOR_NAME = AccentColor;
				CODE_SIGN_STYLE = Automatic;
				CURRENT_PROJECT_VERSION = 1;
				GENERATE_INFOPLIST_FILE = YES;
				INFOPLIST_FILE = LetsBora/Info.plist;
				INFOPLIST_KEY_CFBundleDisplayName = "Let's Bora";
				INFOPLIST_KEY_UIApplicationSupportsIndirectInputEvents = YES;
				INFOPLIST_KEY_UILaunchStoryboardName = LaunchScreen;
				INFOPLIST_KEY_UIMainStoryboardFile = Main;
				INFOPLIST_KEY_UISupportedInterfaceOrientations_iPad = "UIInterfaceOrientationPortrait UIInterfaceOrientationPortraitUpsideDown UIInterfaceOrientationLandscapeLeft UIInterfaceOrientationLandscapeRight";
				INFOPLIST_KEY_UISupportedInterfaceOrientations_iPhone = "UIInterfaceOrientationPortrait UIInterfaceOrientationLandscapeLeft UIInterfaceOrientationLandscapeRight";
				LD_RUNPATH_SEARCH_PATHS = (
					"$(inherited)",
					"@executable_path/Frameworks",
				);
				MARKETING_VERSION = 1.0;
				PRODUCT_BUNDLE_IDENTIFIER = com.team2.LetsBora;
				PRODUCT_NAME = "$(TARGET_NAME)";
				SWIFT_EMIT_LOC_STRINGS = YES;
				SWIFT_VERSION = 5.0;
				TARGETED_DEVICE_FAMILY = "1,2";
			};
			name = Debug;
		};
		539D7B942D8D9C070061BB67 /* Release */ = {
			isa = XCBuildConfiguration;
			buildSettings = {
				ASSETCATALOG_COMPILER_APPICON_NAME = AppIcon;
				ASSETCATALOG_COMPILER_GLOBAL_ACCENT_COLOR_NAME = AccentColor;
				CODE_SIGN_STYLE = Automatic;
				CURRENT_PROJECT_VERSION = 1;
				GENERATE_INFOPLIST_FILE = YES;
				INFOPLIST_FILE = LetsBora/Info.plist;
				INFOPLIST_KEY_CFBundleDisplayName = "Let's Bora";
				INFOPLIST_KEY_UIApplicationSupportsIndirectInputEvents = YES;
				INFOPLIST_KEY_UILaunchStoryboardName = LaunchScreen;
				INFOPLIST_KEY_UIMainStoryboardFile = Main;
				INFOPLIST_KEY_UISupportedInterfaceOrientations_iPad = "UIInterfaceOrientationPortrait UIInterfaceOrientationPortraitUpsideDown UIInterfaceOrientationLandscapeLeft UIInterfaceOrientationLandscapeRight";
				INFOPLIST_KEY_UISupportedInterfaceOrientations_iPhone = "UIInterfaceOrientationPortrait UIInterfaceOrientationLandscapeLeft UIInterfaceOrientationLandscapeRight";
				LD_RUNPATH_SEARCH_PATHS = (
					"$(inherited)",
					"@executable_path/Frameworks",
				);
				MARKETING_VERSION = 1.0;
				PRODUCT_BUNDLE_IDENTIFIER = com.team2.LetsBora;
				PRODUCT_NAME = "$(TARGET_NAME)";
				SWIFT_EMIT_LOC_STRINGS = YES;
				SWIFT_VERSION = 5.0;
				TARGETED_DEVICE_FAMILY = "1,2";
			};
			name = Release;
		};
/* End XCBuildConfiguration section */

/* Begin XCConfigurationList section */
		539D7B792D8D9C040061BB67 /* Build configuration list for PBXProject "LetsBora" */ = {
			isa = XCConfigurationList;
			buildConfigurations = (
				539D7B902D8D9C070061BB67 /* Debug */,
				539D7B912D8D9C070061BB67 /* Release */,
			);
			defaultConfigurationIsVisible = 0;
			defaultConfigurationName = Release;
		};
		539D7B922D8D9C070061BB67 /* Build configuration list for PBXNativeTarget "LetsBora" */ = {
			isa = XCConfigurationList;
			buildConfigurations = (
				539D7B932D8D9C070061BB67 /* Debug */,
				539D7B942D8D9C070061BB67 /* Release */,
			);
			defaultConfigurationIsVisible = 0;
			defaultConfigurationName = Release;
		};
/* End XCConfigurationList section */

/* Begin XCRemoteSwiftPackageReference section */
		09EAF14E2DDFE0C300D4EE42 /* XCRemoteSwiftPackageReference "firebase-ios-sdk" */ = {
			isa = XCRemoteSwiftPackageReference;
			repositoryURL = "https://github.com/firebase/firebase-ios-sdk";
			requirement = {
				kind = upToNextMajorVersion;
				minimumVersion = 11.13.0;
			};
		};
/* End XCRemoteSwiftPackageReference section */

/* Begin XCSwiftPackageProductDependency section */
		09EAF14F2DDFE0C300D4EE42 /* FirebaseAuth */ = {
			isa = XCSwiftPackageProductDependency;
			package = 09EAF14E2DDFE0C300D4EE42 /* XCRemoteSwiftPackageReference "firebase-ios-sdk" */;
			productName = FirebaseAuth;
		};
/* End XCSwiftPackageProductDependency section */
	};
	rootObject = 539D7B762D8D9C040061BB67 /* Project object */;
}
